{
  "name": "worker",
  "version": "0.1.0",
  "lockfileVersion": 3,
  "requires": true,
  "packages": {
    "": {
      "name": "worker",
      "version": "0.1.0",
      "dependencies": {
        "@playwright/test": "^1.42.1",
        "@supabase/supabase-js": "^2.39.3",
        "@upstash/ratelimit": "^1.0.1",
        "@upstash/redis": "^1.28.4",
        "axios": "^1.14.0",
        "bullmq": "^5.71.1",
        "dotenv": "^16.4.5",
        "fast-xml-parser": "^5.5.9",
        "got": "^14.6.6",
        "ioredis": "^5.3.2",
        "p-limit": "^7.3.0",
        "pino": "^8.19.0",
        "pino-pretty": "^11.3.0",
        "playwright": "^1.42.1",
        "sharp": "^0.34.5"
      },
      "devDependencies": {
        "@types/node": "^20.11.30",
        "@types/sharp": "^0.32.0",
        "ts-node-dev": "^2.0.0",
        "typescript": "^5.4.2"
      }
    },
    "../../node_modules/.pnpm/@playwright+test@1.58.2/node_modules/@playwright/test": {
      "version": "1.58.2",
      "license": "Apache-2.0",
      "dependencies": {
        "playwright": "1.58.2"
      },
      "bin": {
        "playwright": "cli.js"
      },
      "engines": {
        "node": ">=18"
      }
    },
    "../../node_modules/.pnpm/@supabase+supabase-js@2.100.1/node_modules/@supabase/supabase-js": {
      "version": "2.100.1",
      "license": "MIT",
      "dependencies": {
        "@supabase/auth-js": "2.100.1",
        "@supabase/functions-js": "2.100.1",
        "@supabase/postgrest-js": "2.100.1",
        "@supabase/realtime-js": "2.100.1",
        "@supabase/storage-js": "2.100.1"
      },
      "devDependencies": {
        "jsr": "^0.13.5",
        "puppeteer": "^24.9.0"
      },
      "engines": {
        "node": ">=20.0.0"
      }
    },
    "../../node_modules/.pnpm/@types+node@20.19.37/node_modules/@types/node": {
      "version": "20.19.37",
      "dev": true,
      "license": "MIT",
      "dependencies": {
        "undici-types": "~6.21.0"
      }
    },
    "../../node_modules/.pnpm/@types+sharp@0.32.0/node_modules/@types/sharp": {
      "version": "0.32.0",
      "deprecated": "This is a stub types definition. sharp provides its own type definitions, so you do not need this installed.",
      "dev": true,
      "license": "MIT",
      "dependencies": {
        "sharp": "*"
      }
    },
    "../../node_modules/.pnpm/@upstash+ratelimit@1.2.1/node_modules/@upstash/ratelimit": {
      "version": "v1.2.1",
      "license": "MIT",
      "dependencies": {
        "@upstash/core-analytics": "^0.0.9"
      },
      "devDependencies": {
        "@upstash/redis": "^1.31.5",
        "bun-types": "latest",
        "rome": "^11.0.0",
        "tsup": "^7.2.0",
        "turbo": "^1.10.15",
        "typescript": "^5.0.0"
      }
    },
    "../../node_modules/.pnpm/@upstash+redis@1.37.0/node_modules/@upstash/redis": {
      "version": "1.37.0",
      "license": "MIT",
      "dependencies": {
        "uncrypto": "^0.1.3"
      },
      "devDependencies": {
        "@types/bun": "1.3.6",
        "tsup": "^8.2.3",
        "typescript": "latest"
      }
    },
    "../../node_modules/.pnpm/axios@1.14.0/node_modules/axios": {
      "version": "1.14.0",
      "license": "MIT",
      "dependencies": {
        "follow-redirects": "^1.15.11",
        "form-data": "^4.0.5",
        "proxy-from-env": "^2.1.0"
      },
      "devDependencies": {
        "@babel/core": "^7.29.0",
        "@babel/preset-env": "^7.29.0",
        "@commitlint/cli": "^20.4.4",
        "@commitlint/config-conventional": "^20.4.4",
        "@eslint/js": "^10.0.1",
        "@rollup/plugin-alias": "^6.0.0",
        "@rollup/plugin-babel": "^7.0.0",
        "@rollup/plugin-commonjs": "^29.0.2",
        "@rollup/plugin-json": "^6.1.0",
        "@rollup/plugin-node-resolve": "^16.0.3",
        "@rollup/plugin-terser": "^1.0.0",
        "@vitest/browser": "^4.1.1",
        "@vitest/browser-playwright": "^4.1.1",
        "abortcontroller-polyfill": "^1.7.8",
        "auto-changelog": "^2.5.0",
        "body-parser": "^2.2.2",
        "chalk": "^5.6.2",
        "cross-env": "^10.1.0",
        "dev-null": "^0.1.1",
        "eslint": "^10.1.0",
        "express": "^5.2.1",
        "formdata-node": "^6.0.3",
        "formidable": "^3.2.4",
        "fs-extra": "^11.3.4",
        "get-stream": "^9.0.1",
        "globals": "^17.4.0",
        "gulp": "^5.0.1",
        "handlebars": "^4.7.8",
        "husky": "^9.1.7",
        "lint-staged": "^16.4.0",
        "memoizee": "^0.4.17",
        "minimist": "^1.2.8",
        "multer": "^2.1.1",
        "pacote": "^21.5.0",
        "playwright": "^1.58.2",
        "prettier": "^3.8.1",
        "pretty-bytes": "^7.1.0",
        "rollup": "^4.60.0",
        "rollup-plugin-bundle-size": "^1.0.3",
        "selfsigned": "^5.5.0",
        "stream-throttle": "^0.1.3",
        "string-replace-async": "^3.0.2",
        "tar-stream": "^3.1.8",
        "typescript": "^5.9.3",
        "vitest": "^4.1.1"
      }
    },
    "../../node_modules/.pnpm/bullmq@5.71.1/node_modules/bullmq": {
      "version": "5.71.1",
      "license": "MIT",
      "dependencies": {
        "cron-parser": "4.9.0",
        "ioredis": "5.10.1",
        "msgpackr": "1.11.5",
        "node-abort-controller": "3.1.1",
        "semver": "7.7.4",
        "tslib": "2.8.1",
        "uuid": "11.1.0"
      },
      "devDependencies": {
        "@commitlint/cli": "20.5.0",
        "@commitlint/config-conventional": "20.5.0",
        "@semantic-release/changelog": "6.0.3",
        "@semantic-release/commit-analyzer": "13.0.1",
        "@semantic-release/exec": "7.1.0",
        "@semantic-release/git": "10.0.1",
        "@semantic-release/github": "12.0.6",
        "@semantic-release/npm": "13.1.5",
        "@semantic-release/release-notes-generator": "14.1.0",
        "@types/lodash.defaults": "4.2.9",
        "@types/lodash.isarguments": "3.1.9",
        "@types/msgpack": "0.0.34",
        "@types/node": "18.19.130",
        "@types/semver": "7.7.1",
        "@types/sinon": "10.0.20",
        "@typescript-eslint/eslint-plugin": "8.57.0",
        "@typescript-eslint/parser": "8.57.0",
        "@vitest/coverage-v8": "4.1.1",
        "coveralls-next": "6.0.1",
        "cpx2": "8.0.0",
        "eslint": "9.39.4",
        "eslint-config-prettier": "8.10.2",
        "eslint-plugin-prettier": "4.2.5",
        "eslint-plugin-promise": "7.2.1",
        "eslint-plugin-tsdoc": "0.5.2",
        "fast-glob": "3.3.3",
        "globals": "15.15.0",
        "husky": "9.1.7",
        "lint-staged": "16.4.0",
        "madge": "8.0.0",
        "minimatch": "10.2.4",
        "moment": "2.30.1",
        "prettier": "3.8.1",
        "pretty-quick": "4.2.2",
        "progress": "2.0.3",
        "rimraf": "6.1.3",
        "rrule": "2.8.1",
        "semantic-release": "25.0.3",
        "sinon": "21.0.3",
        "test-console": "2.0.0",
        "ts-node": "10.9.2",
        "typedoc": "0.28.18",
        "typescript": "5.9.3",
        "vitest": "4.1.1"
      }
    },
    "../../node_modules/.pnpm/dotenv@16.6.1/node_modules/dotenv": {
      "version": "16.6.1",
      "license": "BSD-2-Clause",
      "devDependencies": {
        "@types/node": "^18.11.3",
        "decache": "^4.6.2",
        "sinon": "^14.0.1",
        "standard": "^17.0.0",
        "standard-version": "^9.5.0",
        "tap": "^19.2.0",
        "typescript": "^4.8.4"
      },
      "engines": {
        "node": ">=12"
      },
      "funding": {
        "url": "https://dotenvx.com"
      }
    },
    "../../node_modules/.pnpm/fast-xml-parser@5.5.9/node_modules/fast-xml-parser": {
      "version": "5.5.9",
      "funding": [
        {
          "type": "github",
          "url": "https://github.com/sponsors/NaturalIntelligence"
        }
      ],
      "license": "MIT",
      "dependencies": {
        "fast-xml-builder": "^1.1.4",
        "path-expression-matcher": "^1.2.0",
        "strnum": "^2.2.2"
      },
      "bin": {
        "fxparser": "src/cli/cli.js"
      },
      "devDependencies": {
        "@babel/core": "^7.13.10",
        "@babel/plugin-transform-runtime": "^7.13.10",
        "@babel/preset-env": "^7.13.10",
        "@babel/register": "^7.13.8",
        "@types/node": "20",
        "babel-loader": "^8.2.2",
        "c8": "^10.1.3",
        "eslint": "^8.3.0",
        "he": "^1.2.0",
        "jasmine": "^5.6.0",
        "prettier": "^3.5.1",
        "publish-please": "^5.5.2",
        "typescript": "5",
        "webpack": "^5.64.4",
        "webpack-cli": "^4.9.1"
      }
    },
    "../../node_modules/.pnpm/ioredis@5.10.1/node_modules/ioredis": {
      "version": "5.10.1",
      "license": "MIT",
      "dependencies": {
        "@ioredis/commands": "1.5.1",
        "cluster-key-slot": "^1.1.0",
        "debug": "^4.3.4",
        "denque": "^2.1.0",
        "lodash.defaults": "^4.2.0",
        "lodash.isarguments": "^3.1.0",
        "redis-errors": "^1.2.0",
        "redis-parser": "^3.0.0",
        "standard-as-callback": "^2.1.0"
      },
      "devDependencies": {
        "@ioredis/interface-generator": "^1.3.0",
        "@semantic-release/changelog": "^6.0.1",
        "@semantic-release/commit-analyzer": "^9.0.2",
        "@semantic-release/git": "^10.0.1",
        "@types/chai": "^4.3.0",
        "@types/chai-as-promised": "^7.1.5",
        "@types/debug": "^4.1.5",
        "@types/lodash.defaults": "^4.2.7",
        "@types/lodash.isarguments": "^3.1.7",
        "@types/mocha": "^9.1.0",
        "@types/node": "^14.18.12",
        "@types/redis-errors": "^1.2.1",
        "@types/sinon": "^10.0.11",
        "@typescript-eslint/eslint-plugin": "^5.48.1",
        "@typescript-eslint/parser": "^5.48.1",
        "chai": "^4.3.6",
        "chai-as-promised": "^7.1.1",
        "eslint": "^8.31.0",
        "eslint-config-prettier": "^8.6.0",
        "mocha": "^9.2.1",
        "nyc": "^15.1.0",
        "prettier": "^2.6.1",
        "semantic-release": "^19.0.2",
        "server-destroy": "^1.0.1",
        "sinon": "^13.0.1",
        "ts-node": "^10.4.0",
        "tsd": "^0.19.1",
        "typedoc": "^0.22.18",
        "typescript": "^4.6.3",
        "uuid": "^9.0.0"
      },
      "engines": {
        "node": ">=12.22.0"
      },
      "funding": {
        "type": "opencollective",
        "url": "https://opencollective.com/ioredis"
      }
    },
    "../../node_modules/.pnpm/pino-pretty@11.3.0/node_modules/pino-pretty": {
      "version": "11.3.0",
      "license": "MIT",
      "dependencies": {
        "colorette": "^2.0.7",
        "dateformat": "^4.6.3",
        "fast-copy": "^3.0.2",
        "fast-safe-stringify": "^2.1.1",
        "help-me": "^5.0.0",
        "joycon": "^3.1.1",
        "minimist": "^1.2.6",
        "on-exit-leak-free": "^2.1.0",
        "pino-abstract-transport": "^2.0.0",
        "pump": "^3.0.0",
        "readable-stream": "^4.0.0",
        "secure-json-parse": "^2.4.0",
        "sonic-boom": "^4.0.1",
        "strip-json-comments": "^3.1.1"
      },
      "bin": {
        "pino-pretty": "bin.js"
      },
      "devDependencies": {
        "@arethetypeswrong/cli": "^0.16.1",
        "@types/node": "^22.0.0",
        "fastbench": "^1.0.1",
        "pino": "^9.0.0",
        "pre-commit": "^1.2.2",
        "rimraf": "^3.0.2",
        "semver": "^7.6.0",
        "snazzy": "^9.0.0",
        "standard": "^17.0.0",
        "tap": "^16.0.0",
        "tsd": "^0.31.0",
        "typescript": "^5.0.2"
      }
    },
    "../../node_modules/.pnpm/pino@8.21.0/node_modules/pino": {
      "version": "8.21.0",
      "license": "MIT",
      "dependencies": {
        "atomic-sleep": "^1.0.0",
        "fast-redact": "^3.1.1",
        "on-exit-leak-free": "^2.1.0",
        "pino-abstract-transport": "^1.2.0",
        "pino-std-serializers": "^6.0.0",
        "process-warning": "^3.0.0",
        "quick-format-unescaped": "^4.0.3",
        "real-require": "^0.2.0",
        "safe-stable-stringify": "^2.3.1",
        "sonic-boom": "^3.7.0",
        "thread-stream": "^2.6.0"
      },
      "bin": {
        "pino": "bin.js"
      },
      "devDependencies": {
        "@types/flush-write-stream": "^1.0.0",
        "@types/node": "^20.2.3",
        "@types/tap": "^15.0.6",
        "airtap": "4.0.4",
        "benchmark": "^2.1.4",
        "bole": "^5.0.5",
        "bunyan": "^1.8.14",
        "debug": "^4.3.4",
        "docsify-cli": "^4.4.4",
        "eslint": "^8.17.0",
        "eslint-config-standard": "^17.0.0",
        "eslint-plugin-import": "^2.26.0",
        "eslint-plugin-n": "15.7.0",
        "eslint-plugin-node": "^11.1.0",
        "eslint-plugin-promise": "^6.0.0",
        "execa": "^5.0.0",
        "fastbench": "^1.0.1",
        "flush-write-stream": "^2.0.0",
        "import-fresh": "^3.2.1",
        "jest": "^29.0.3",
        "log": "^6.0.0",
        "loglevel": "^1.6.7",
        "midnight-smoker": "1.1.1",
        "pino-pretty": "^10.2.1",
        "pre-commit": "^1.2.2",
        "proxyquire": "^2.1.3",
        "pump": "^3.0.0",
        "rimraf": "^5.0.1",
        "semver": "^7.3.7",
        "split2": "^4.0.0",
        "steed": "^1.1.3",
        "strip-ansi": "^6.0.0",
        "tap": "^16.2.0",
        "tape": "^5.5.3",
        "through2": "^4.0.0",
        "ts-node": "^10.9.1",
        "tsd": "^0.30.4",
        "typescript": "^5.1.3",
        "winston": "^3.7.2"
      }
    },
    "../../node_modules/.pnpm/playwright@1.58.2/node_modules/playwright": {
      "version": "1.58.2",
      "license": "Apache-2.0",
      "dependencies": {
        "playwright-core": "1.58.2"
      },
      "bin": {
        "playwright": "cli.js"
      },
      "engines": {
        "node": ">=18"
      },
      "optionalDependencies": {
        "fsevents": "2.3.2"
      }
    },
    "../../node_modules/.pnpm/sharp@0.34.5/node_modules/sharp": {
      "version": "0.34.5",
      "hasInstallScript": true,
      "license": "Apache-2.0",
      "dependencies": {
        "@img/colour": "^1.0.0",
        "detect-libc": "^2.1.2",
        "semver": "^7.7.3"
      },
      "devDependencies": {
        "@biomejs/biome": "^2.3.4",
        "@cpplint/cli": "^0.1.0",
        "@emnapi/runtime": "^1.7.0",
        "@img/sharp-libvips-dev": "1.2.4",
        "@img/sharp-libvips-dev-wasm32": "1.2.4",
        "@img/sharp-libvips-win32-arm64": "1.2.4",
        "@img/sharp-libvips-win32-ia32": "1.2.4",
        "@img/sharp-libvips-win32-x64": "1.2.4",
        "@types/node": "*",
        "emnapi": "^1.7.0",
        "exif-reader": "^2.0.2",
        "extract-zip": "^2.0.1",
        "icc": "^3.0.0",
        "jsdoc-to-markdown": "^9.1.3",
        "node-addon-api": "^8.5.0",
        "node-gyp": "^11.5.0",
        "tar-fs": "^3.1.1",
        "tsd": "^0.33.0"
      },
      "engines": {
        "node": "^18.17.0 || ^20.3.0 || >=21.0.0"
      },
      "funding": {
        "url": "https://opencollective.com/libvips"
      },
      "optionalDependencies": {
        "@img/sharp-darwin-arm64": "0.34.5",
        "@img/sharp-darwin-x64": "0.34.5",
        "@img/sharp-libvips-darwin-arm64": "1.2.4",
        "@img/sharp-libvips-darwin-x64": "1.2.4",
        "@img/sharp-libvips-linux-arm": "1.2.4",
        "@img/sharp-libvips-linux-arm64": "1.2.4",
        "@img/sharp-libvips-linux-ppc64": "1.2.4",
        "@img/sharp-libvips-linux-riscv64": "1.2.4",
        "@img/sharp-libvips-linux-s390x": "1.2.4",
        "@img/sharp-libvips-linux-x64": "1.2.4",
        "@img/sharp-libvips-linuxmusl-arm64": "1.2.4",
        "@img/sharp-libvips-linuxmusl-x64": "1.2.4",
        "@img/sharp-linux-arm": "0.34.5",
        "@img/sharp-linux-arm64": "0.34.5",
        "@img/sharp-linux-ppc64": "0.34.5",
        "@img/sharp-linux-riscv64": "0.34.5",
        "@img/sharp-linux-s390x": "0.34.5",
        "@img/sharp-linux-x64": "0.34.5",
        "@img/sharp-linuxmusl-arm64": "0.34.5",
        "@img/sharp-linuxmusl-x64": "0.34.5",
        "@img/sharp-wasm32": "0.34.5",
        "@img/sharp-win32-arm64": "0.34.5",
        "@img/sharp-win32-ia32": "0.34.5",
        "@img/sharp-win32-x64": "0.34.5"
      }
    },
    "../../node_modules/.pnpm/ts-node-dev@2.0.0_@types+node@20.19.37_typescript@5.9.3/node_modules/ts-node-dev": {
      "version": "2.0.0",
      "dev": true,
      "license": "MIT",
      "dependencies": {
        "chokidar": "^3.5.1",
        "dynamic-dedupe": "^0.3.0",
        "minimist": "^1.2.6",
        "mkdirp": "^1.0.4",
        "resolve": "^1.0.0",
        "rimraf": "^2.6.1",
        "source-map-support": "^0.5.12",
        "tree-kill": "^1.2.2",
        "ts-node": "^10.4.0",
        "tsconfig": "^7.0.0"
      },
      "bin": {
        "ts-node-dev": "lib/bin.js",
        "tsnd": "lib/bin.js"
      },
      "devDependencies": {
        "@types/chai": "^4.2.12",
        "@types/chokidar": "^2.1.3",
        "@types/fs-extra": "^9.0.1",
        "@types/minimist": "^1.2.0",
        "@types/mkdirp": "^1.0.1",
        "@types/mocha": "github:whitecolor/mocha-types",
        "@types/node": "^14.6.0",
        "@types/rimraf": "^3.0.0",
        "@types/tape": "^4.13.0",
        "@types/touch": "^3.1.1",
        "@types/ts-nameof": "^4.2.1",
        "@whitecolor/eslint-config": "^1.0.0",
        "chai": "^4.2.0",
        "chalk": "^4.1.0",
        "coffee-script": "^1.8.0",
        "eslint": "^7.7.0",
        "esm": "^3.2.22",
        "fs-extra": "^9.0.1",
        "mocha": "^8.1.1",
        "np": "^7.6.1",
        "tap": "^5.2.0",
        "tape": "^5.0.1",
        "touch": "^1.0.0",
        "ts-nameof": "^5.0.0",
        "tsconfig-paths": "^3.3.1",
        "ttypescript": "^1.5.10",
        "typescript": "^3.9.5"
      },
      "engines": {
        "node": ">=0.8.0"
      },
      "peerDependencies": {
        "node-notifier": "*",
        "typescript": "*"
      },
      "peerDependenciesMeta": {
        "node-notifier": {
          "optional": true
        }
      }
    },
    "../../node_modules/.pnpm/typescript@5.9.3/node_modules/typescript": {
      "version": "5.9.3",
      "dev": true,
      "license": "Apache-2.0",
      "bin": {
        "tsc": "bin/tsc",
        "tsserver": "bin/tsserver"
      },
      "devDependencies": {
        "@dprint/formatter": "^0.4.1",
        "@dprint/typescript": "0.93.4",
        "@esfx/canceltoken": "^1.0.0",
        "@eslint/js": "^9.20.0",
        "@octokit/rest": "^21.1.1",
        "@types/chai": "^4.3.20",
        "@types/diff": "^7.0.1",
        "@types/minimist": "^1.2.5",
        "@types/mocha": "^10.0.10",
        "@types/ms": "^0.7.34",
        "@types/node": "latest",
        "@types/source-map-support": "^0.5.10",
        "@types/which": "^3.0.4",
        "@typescript-eslint/rule-tester": "^8.24.1",
        "@typescript-eslint/type-utils": "^8.24.1",
        "@typescript-eslint/utils": "^8.24.1",
        "azure-devops-node-api": "^14.1.0",
        "c8": "^10.1.3",
        "chai": "^4.5.0",
        "chokidar": "^4.0.3",
        "diff": "^7.0.0",
        "dprint": "^0.49.0",
        "esbuild": "^0.25.0",
        "eslint": "^9.20.1",
        "eslint-formatter-autolinkable-stylish": "^1.4.0",
        "eslint-plugin-regexp": "^2.7.0",
        "fast-xml-parser": "^4.5.2",
        "glob": "^10.4.5",
        "globals": "^15.15.0",
        "hereby": "^1.10.0",
        "jsonc-parser": "^3.3.1",
        "knip": "^5.44.4",
        "minimist": "^1.2.8",
        "mocha": "^10.8.2",
        "mocha-fivemat-progress-reporter": "^0.1.0",
        "monocart-coverage-reports": "^2.12.1",
        "ms": "^2.1.3",
        "picocolors": "^1.1.1",
        "playwright": "^1.50.1",
        "source-map-support": "^0.5.21",
        "tslib": "^2.8.1",
        "typescript": "^5.7.3",
        "typescript-eslint": "^8.24.1",
        "which": "^3.0.1"
      },
      "engines": {
        "node": ">=14.17"
      }
    },
    "node_modules/@keyv/serialize": {
      "version": "1.1.1",
      "resolved": "https://registry.npmjs.org/@keyv/serialize/-/serialize-1.1.1.tgz",
      "integrity": "sha512-dXn3FZhPv0US+7dtJsIi2R+c7qWYiReoEh5zUntWCf4oSpMNib8FDhSoed6m3QyZdx5hK7iLFkYk3rNxwt8vTA==",
      "license": "MIT"
    },
    "node_modules/@playwright/test": {
      "resolved": "../../node_modules/.pnpm/@playwright+test@1.58.2/node_modules/@playwright/test",
      "link": true
    },
    "node_modules/@sec-ant/readable-stream": {
      "version": "0.4.1",
      "resolved": "https://registry.npmjs.org/@sec-ant/readable-stream/-/readable-stream-0.4.1.tgz",
      "integrity": "sha512-831qok9r2t8AlxLko40y2ebgSDhenenCatLVeW/uBtnHPyhHOvG0C7TvfgecV+wHzIm5KUICgzmVpWS+IMEAeg==",
      "license": "MIT"
    },
    "node_modules/@sindresorhus/is": {
      "version": "7.2.0",
      "resolved": "https://registry.npmjs.org/@sindresorhus/is/-/is-7.2.0.tgz",
      "integrity": "sha512-P1Cz1dWaFfR4IR+U13mqqiGsLFf1KbayybWwdd2vfctdV6hDpUkgCY0nKOLLTMSoRd/jJNjtbqzf13K8DCCXQw==",
      "license": "MIT",
      "engines": {
        "node": ">=18"
      },
      "funding": {
        "url": "https://github.com/sindresorhus/is?sponsor=1"
      }
    },
    "node_modules/@supabase/supabase-js": {
      "resolved": "../../node_modules/.pnpm/@supabase+supabase-js@2.100.1/node_modules/@supabase/supabase-js",
      "link": true
    },
    "node_modules/@types/http-cache-semantics": {
      "version": "4.2.0",
      "resolved": "https://registry.npmjs.org/@types/http-cache-semantics/-/http-cache-semantics-4.2.0.tgz",
      "integrity": "sha512-L3LgimLHXtGkWikKnsPg0/VFx9OGZaC+eN1u4r+OB1XRqH3meBIAVC2zr1WdMH+RHmnRkqliQAOHNJ/E0j/e0Q==",
      "license": "MIT"
    },
    "node_modules/@types/node": {
      "resolved": "../../node_modules/.pnpm/@types+node@20.19.37/node_modules/@types/node",
      "link": true
    },
    "node_modules/@types/sharp": {
      "resolved": "../../node_modules/.pnpm/@types+sharp@0.32.0/node_modules/@types/sharp",
      "link": true
    },
    "node_modules/@upstash/ratelimit": {
      "resolved": "../../node_modules/.pnpm/@upstash+ratelimit@1.2.1/node_modules/@upstash/ratelimit",
      "link": true
    },
    "node_modules/@upstash/redis": {
      "resolved": "../../node_modules/.pnpm/@upstash+redis@1.37.0/node_modules/@upstash/redis",
      "link": true
    },
    "node_modules/axios": {
      "resolved": "../../node_modules/.pnpm/axios@1.14.0/node_modules/axios",
      "link": true
    },
    "node_modules/bullmq": {
      "resolved": "../../node_modules/.pnpm/bullmq@5.71.1/node_modules/bullmq",
      "link": true
    },
    "node_modules/byte-counter": {
      "version": "0.1.0",
      "resolved": "https://registry.npmjs.org/byte-counter/-/byte-counter-0.1.0.tgz",
      "integrity": "sha512-jheRLVMeUKrDBjVw2O5+k4EvR4t9wtxHL+bo/LxfkxsVeuGMy3a5SEGgXdAFA4FSzTrU8rQXQIrsZ3oBq5a0pQ==",
      "license": "MIT",
      "engines": {
        "node": ">=20"
      },
      "funding": {
        "url": "https://github.com/sponsors/sindresorhus"
      }
    },
    "node_modules/cacheable-lookup": {
      "version": "7.0.0",
      "resolved": "https://registry.npmjs.org/cacheable-lookup/-/cacheable-lookup-7.0.0.tgz",
      "integrity": "sha512-+qJyx4xiKra8mZrcwhjMRMUhD5NR1R8esPkzIYxX96JiecFoxAXFuz/GpR3+ev4PE1WamHip78wV0vcmPQtp8w==",
      "license": "MIT",
      "engines": {
        "node": ">=14.16"
      }
    },
    "node_modules/cacheable-request": {
      "version": "13.0.18",
      "resolved": "https://registry.npmjs.org/cacheable-request/-/cacheable-request-13.0.18.tgz",
      "integrity": "sha512-rFWadDRKJs3s2eYdXlGggnBZKG7MTblkFBB0YllFds+UYnfogDp2wcR6JN97FhRkHTvq59n2vhNoHNZn29dh/Q==",
      "license": "MIT",
      "dependencies": {
        "@types/http-cache-semantics": "^4.0.4",
        "get-stream": "^9.0.1",
        "http-cache-semantics": "^4.2.0",
        "keyv": "^5.5.5",
        "mimic-response": "^4.0.0",
        "normalize-url": "^8.1.1",
        "responselike": "^4.0.2"
      },
      "engines": {
        "node": ">=18"
      }
    },
    "node_modules/decompress-response": {
      "version": "10.0.0",
      "resolved": "https://registry.npmjs.org/decompress-response/-/decompress-response-10.0.0.tgz",
      "integrity": "sha512-oj7KWToJuuxlPr7VV0vabvxEIiqNMo+q0NueIiL3XhtwC6FVOX7Hr1c0C4eD0bmf7Zr+S/dSf2xvkH3Ad6sU3Q==",
      "license": "MIT",
      "dependencies": {
        "mimic-response": "^4.0.0"
      },
      "engines": {
        "node": ">=20"
      },
      "funding": {
        "url": "https://github.com/sponsors/sindresorhus"
      }
    },
    "node_modules/dotenv": {
      "resolved": "../../node_modules/.pnpm/dotenv@16.6.1/node_modules/dotenv",
      "link": true
    },
    "node_modules/fast-xml-parser": {
      "resolved": "../../node_modules/.pnpm/fast-xml-parser@5.5.9/node_modules/fast-xml-parser",
      "link": true
    },
    "node_modules/form-data-encoder": {
      "version": "4.1.0",
      "resolved": "https://registry.npmjs.org/form-data-encoder/-/form-data-encoder-4.1.0.tgz",
      "integrity": "sha512-G6NsmEW15s0Uw9XnCg+33H3ViYRyiM0hMrMhhqQOR8NFc5GhYrI+6I3u7OTw7b91J2g8rtvMBZJDbcGb2YUniw==",
      "license": "MIT",
      "engines": {
        "node": ">= 18"
      }
    },
    "node_modules/get-stream": {
      "version": "9.0.1",
      "resolved": "https://registry.npmjs.org/get-stream/-/get-stream-9.0.1.tgz",
      "integrity": "sha512-kVCxPF3vQM/N0B1PmoqVUqgHP+EeVjmZSQn+1oCRPxd2P21P2F19lIgbR3HBosbB1PUhOAoctJnfEn2GbN2eZA==",
      "license": "MIT",
      "dependencies": {
        "@sec-ant/readable-stream": "^0.4.1",
        "is-stream": "^4.0.1"
      },
      "engines": {
        "node": ">=18"
      },
      "funding": {
        "url": "https://github.com/sponsors/sindresorhus"
      }
    },
    "node_modules/got": {
      "version": "14.6.6",
      "resolved": "https://registry.npmjs.org/got/-/got-14.6.6.tgz",
      "integrity": "sha512-QLV1qeYSo5l13mQzWgP/y0LbMr5Plr5fJilgAIwgnwseproEbtNym8xpLsDzeZ6MWXgNE6kdWGBjdh3zT/Qerg==",
      "license": "MIT",
      "dependencies": {
        "@sindresorhus/is": "^7.0.1",
        "byte-counter": "^0.1.0",
        "cacheable-lookup": "^7.0.0",
        "cacheable-request": "^13.0.12",
        "decompress-response": "^10.0.0",
        "form-data-encoder": "^4.0.2",
        "http2-wrapper": "^2.2.1",
        "keyv": "^5.5.3",
        "lowercase-keys": "^3.0.0",
        "p-cancelable": "^4.0.1",
        "responselike": "^4.0.2",
        "type-fest": "^4.26.1"
      },
      "engines": {
        "node": ">=20"
      },
      "funding": {
        "url": "https://github.com/sindresorhus/got?sponsor=1"
      }
    },
    "node_modules/http-cache-semantics": {
      "version": "4.2.0",
      "resolved": "https://registry.npmjs.org/http-cache-semantics/-/http-cache-semantics-4.2.0.tgz",
      "integrity": "sha512-dTxcvPXqPvXBQpq5dUr6mEMJX4oIEFv6bwom3FDwKRDsuIjjJGANqhBuoAn9c1RQJIdAKav33ED65E2ys+87QQ==",
      "license": "BSD-2-Clause"
    },
    "node_modules/http2-wrapper": {
      "version": "2.2.1",
      "resolved": "https://registry.npmjs.org/http2-wrapper/-/http2-wrapper-2.2.1.tgz",
      "integrity": "sha512-V5nVw1PAOgfI3Lmeaj2Exmeg7fenjhRUgz1lPSezy1CuhPYbgQtbQj4jZfEAEMlaL+vupsvhjqCyjzob0yxsmQ==",
      "license": "MIT",
      "dependencies": {
        "quick-lru": "^5.1.1",
        "resolve-alpn": "^1.2.0"
      },
      "engines": {
        "node": ">=10.19.0"
      }
    },
    "node_modules/ioredis": {
      "resolved": "../../node_modules/.pnpm/ioredis@5.10.1/node_modules/ioredis",
      "link": true
    },
    "node_modules/is-stream": {
      "version": "4.0.1",
      "resolved": "https://registry.npmjs.org/is-stream/-/is-stream-4.0.1.tgz",
      "integrity": "sha512-Dnz92NInDqYckGEUJv689RbRiTSEHCQ7wOVeALbkOz999YpqT46yMRIGtSNl2iCL1waAZSx40+h59NV/EwzV/A==",
      "license": "MIT",
      "engines": {
        "node": ">=18"
      },
      "funding": {
        "url": "https://github.com/sponsors/sindresorhus"
      }
    },
    "node_modules/keyv": {
      "version": "5.6.0",
      "resolved": "https://registry.npmjs.org/keyv/-/keyv-5.6.0.tgz",
      "integrity": "sha512-CYDD3SOtsHtyXeEORYRx2qBtpDJFjRTGXUtmNEMGyzYOKj1TE3tycdlho7kA1Ufx9OYWZzg52QFBGALTirzDSw==",
      "license": "MIT",
      "dependencies": {
        "@keyv/serialize": "^1.1.1"
      }
    },
    "node_modules/lowercase-keys": {
      "version": "3.0.0",
      "resolved": "https://registry.npmjs.org/lowercase-keys/-/lowercase-keys-3.0.0.tgz",
      "integrity": "sha512-ozCC6gdQ+glXOQsveKD0YsDy8DSQFjDTz4zyzEHNV5+JP5D62LmfDZ6o1cycFx9ouG940M5dE8C8CTewdj2YWQ==",
      "license": "MIT",
      "engines": {
        "node": "^12.20.0 || ^14.13.1 || >=16.0.0"
      },
      "funding": {
        "url": "https://github.com/sponsors/sindresorhus"
      }
    },
    "node_modules/mimic-response": {
      "version": "4.0.0",
      "resolved": "https://registry.npmjs.org/mimic-response/-/mimic-response-4.0.0.tgz",
      "integrity": "sha512-e5ISH9xMYU0DzrT+jl8q2ze9D6eWBto+I8CNpe+VI+K2J/F/k3PdkdTdz4wvGVH4NTpo+NRYTVIuMQEMMcsLqg==",
      "license": "MIT",
      "engines": {
        "node": "^12.20.0 || ^14.13.1 || >=16.0.0"
      },
      "funding": {
        "url": "https://github.com/sponsors/sindresorhus"
      }
    },
    "node_modules/normalize-url": {
      "version": "8.1.1",
      "resolved": "https://registry.npmjs.org/normalize-url/-/normalize-url-8.1.1.tgz",
      "integrity": "sha512-JYc0DPlpGWB40kH5g07gGTrYuMqV653k3uBKY6uITPWds3M0ov3GaWGp9lbE3Bzngx8+XkfzgvASb9vk9JDFXQ==",
      "license": "MIT",
      "engines": {
        "node": ">=14.16"
      },
      "funding": {
        "url": "https://github.com/sponsors/sindresorhus"
      }
    },
    "node_modules/p-cancelable": {
      "version": "4.0.1",
      "resolved": "https://registry.npmjs.org/p-cancelable/-/p-cancelable-4.0.1.tgz",
      "integrity": "sha512-wBowNApzd45EIKdO1LaU+LrMBwAcjfPaYtVzV3lmfM3gf8Z4CHZsiIqlM8TZZ8okYvh5A1cP6gTfCRQtwUpaUg==",
      "license": "MIT",
      "engines": {
        "node": ">=14.16"
      }
    },
    "node_modules/p-limit": {
      "version": "7.3.0",
      "resolved": "https://registry.npmjs.org/p-limit/-/p-limit-7.3.0.tgz",
      "integrity": "sha512-7cIXg/Z0M5WZRblrsOla88S4wAK+zOQQWeBYfV3qJuJXMr+LnbYjaadrFaS0JILfEDPVqHyKnZ1Z/1d6J9VVUw==",
      "license": "MIT",
      "dependencies": {
        "yocto-queue": "^1.2.1"
      },
      "engines": {
        "node": ">=20"
      },
      "funding": {
        "url": "https://github.com/sponsors/sindresorhus"
      }
    },
    "node_modules/pino": {
      "resolved": "../../node_modules/.pnpm/pino@8.21.0/node_modules/pino",
      "link": true
    },
    "node_modules/pino-pretty": {
      "resolved": "../../node_modules/.pnpm/pino-pretty@11.3.0/node_modules/pino-pretty",
      "link": true
    },
    "node_modules/playwright": {
      "resolved": "../../node_modules/.pnpm/playwright@1.58.2/node_modules/playwright",
      "link": true
    },
    "node_modules/quick-lru": {
      "version": "5.1.1",
      "resolved": "https://registry.npmjs.org/quick-lru/-/quick-lru-5.1.1.tgz",
      "integrity": "sha512-WuyALRjWPDGtt/wzJiadO5AXY+8hZ80hVpe6MyivgraREW751X3SbhRvG3eLKOYN+8VEvqLcf3wdnt44Z4S4SA==",
      "license": "MIT",
      "engines": {
        "node": ">=10"
      },
      "funding": {
        "url": "https://github.com/sponsors/sindresorhus"
      }
    },
    "node_modules/resolve-alpn": {
      "version": "1.2.1",
      "resolved": "https://registry.npmjs.org/resolve-alpn/-/resolve-alpn-1.2.1.tgz",
      "integrity": "sha512-0a1F4l73/ZFZOakJnQ3FvkJ2+gSTQWz/r2KE5OdDY0TxPm5h4GkqkWWfM47T7HsbnOtcJVEF4epCVy6u7Q3K+g==",
      "license": "MIT"
    },
    "node_modules/responselike": {
      "version": "4.0.2",
      "resolved": "https://registry.npmjs.org/responselike/-/responselike-4.0.2.tgz",
      "integrity": "sha512-cGk8IbWEAnaCpdAt1BHzJ3Ahz5ewDJa0KseTsE3qIRMJ3C698W8psM7byCeWVpd/Ha7FUYzuRVzXoKoM6nRUbA==",
      "license": "MIT",
      "dependencies": {
        "lowercase-keys": "^3.0.0"
      },
      "engines": {
        "node": ">=20"
      },
      "funding": {
        "url": "https://github.com/sponsors/sindresorhus"
      }
    },
    "node_modules/sharp": {
      "resolved": "../../node_modules/.pnpm/sharp@0.34.5/node_modules/sharp",
      "link": true
    },
    "node_modules/ts-node-dev": {
      "resolved": "../../node_modules/.pnpm/ts-node-dev@2.0.0_@types+node@20.19.37_typescript@5.9.3/node_modules/ts-node-dev",
      "link": true
    },
    "node_modules/type-fest": {
      "version": "4.41.0",
      "resolved": "https://registry.npmjs.org/type-fest/-/type-fest-4.41.0.tgz",
      "integrity": "sha512-TeTSQ6H5YHvpqVwBRcnLDCBnDOHWYu7IvGbHT6N8AOymcr9PJGjc1GTtiWZTYg0NCgYwvnYWEkVChQAr9bjfwA==",
      "license": "(MIT OR CC0-1.0)",
      "engines": {
        "node": ">=16"
      },
      "funding": {
        "url": "https://github.com/sponsors/sindresorhus"
      }
    },
    "node_modules/typescript": {
      "resolved": "../../node_modules/.pnpm/typescript@5.9.3/node_modules/typescript",
      "link": true
    },
    "node_modules/yocto-queue": {
      "version": "1.2.2",
      "resolved": "https://registry.npmjs.org/yocto-queue/-/yocto-queue-1.2.2.tgz",
      "integrity": "sha512-4LCcse/U2MHZ63HAJVE+v71o7yOdIe4cZ70Wpf8D/IyjDKYQLV5GD46B+hSTjJsvV5PztjvHoU580EftxjDZFQ==",
      "license": "MIT",
      "engines": {
        "node": ">=12.20"
      },
      "funding": {
        "url": "https://github.com/sponsors/sindresorhus"
      }
    }
  }
}
